
Microsoft Visual Studio Solution File, Format Version 12.00
# Visual Studio Version 16
VisualStudioVersion = 16.0.31321.278
MinimumVisualStudioVersion = 10.0.40219.1
Project("{FAE04EC0-301F-11D3-BF4B-00C04F79EFBC}") = "OnlineStore", "OnlineStore\OnlineStore.csproj", "{675F2598-5170-4857-A6B0-159E11CE297A}"
EndProject
Global
	GlobalSection(SolutionConfigurationPlatforms) = preSolution
		Debug|Any CPU = Debug|Any CPU
		Release|Any CPU = Release|Any CPU
	EndGlobalSection
	GlobalSection(ProjectConfigurationPlatforms) = postSolution
		{675F2598-5170-4857-A6B0-159E11CE297A}.Debug|Any CPU.ActiveCfg = Debug|Any CPU
		{675F2598-5170-4857-A6B0-159E11CE297A}.Debug|Any CPU.Build.0 = Debug|Any CPU
		{675F2598-5170-4857-A6B0-159E11CE297A}.Release|Any CPU.ActiveCfg = Release|Any CPU
		{675F2598-5170-4857-A6B0-159E11CE297A}.Release|Any CPU.Build.0 = Release|Any CPU
	EndGlobalSection
	GlobalSection(SolutionProperties) = preSolution
		HideSolutionNode = FALSE
	EndGlobalSection
	GlobalSection(ExtensibilityGlobals) = postSolution
		SolutionGuid = {F3EE50CC-D298-48C8-A2A3-70F6F859BFB8}
	EndGlobalSection
EndGlobal
